{
  "name": "orpheus",
  "lockfileVersion": 3,
  "requires": true,
  "packages": {
    "": {
      "dependencies": {
        "@catppuccin/palette": "^1.7.1",
        "@picocss/pico": "2.1.1",
        "htmx-ext-head-support": "^2.0.4",
        "htmx-ext-preload": "^2.1.1",
        "htmx.org": "2.0.4"
      }
    },
    "node_modules/@catppuccin/palette": {
      "version": "1.7.1",
      "resolved": "https://registry.npmjs.org/@catppuccin/palette/-/palette-1.7.1.tgz",
      "integrity": "sha512-aRc1tbzrevOTV7nFTT9SRdF26w/MIwT4Jwt4fDMc9itRZUDXCuEDBLyz4TQMlqO9ZP8mf5Hu4Jr6D03NLFc6Gw==",
      "funding": [
        {
          "type": "opencollective",
          "url": "https://opencollective.com/catppuccin"
        },
        {
          "type": "github",
          "url": "https://github.com/sponsors/catppuccin"
        }
      ]
    },
    "node_modules/@picocss/pico": {
      "version": "2.1.1",
      "resolved": "https://registry.npmjs.org/@picocss/pico/-/pico-2.1.1.tgz",
      "integrity": "sha512-kIDugA7Ps4U+2BHxiNHmvgPIQDWPDU4IeU6TNRdvXQM1uZX+FibqDQT2xUOnnO2yq/LUHcwnGlu1hvf4KfXnMg==",
      "license": "MIT"
    },
    "node_modules/htmx-ext-head-support": {
      "version": "2.0.4",
      "resolved": "https://registry.npmjs.org/htmx-ext-head-support/-/htmx-ext-head-support-2.0.4.tgz",
      "integrity": "sha512-CGGicOzu3VlHCqjhdHjlU4i4SQ19WwYnl2+1jX3SdOJX1gKOrJrtlED95FMgWyGrlZZ/qo0y/RpOE7KZA2X9kg==",
      "license": "0BSD",
      "dependencies": {
        "htmx.org": "^2.0.2"
      }
    },
    "node_modules/htmx-ext-preload": {
      "version": "2.1.1",
      "resolved": "https://registry.npmjs.org/htmx-ext-preload/-/htmx-ext-preload-2.1.1.tgz",
      "integrity": "sha512-Gm9NJTMgbR4OAhZ8a4abkBSVccuI+yCVJs5Nrsn2mWDv+Ha5bSwSw8Bc4Y8D+TCaeNSFd8Qz/fe1sqBIVmv0GA==",
      "dependencies": {
        "htmx.org": "^2.0.3"
      }
    },
    "node_modules/htmx.org": {
      "version": "2.0.4",
      "resolved": "https://registry.npmjs.org/htmx.org/-/htmx.org-2.0.4.tgz",
      "integrity": "sha512-HLxMCdfXDOJirs3vBZl/ZLoY+c7PfM4Ahr2Ad4YXh6d22T5ltbTXFFkpx9Tgb2vvmWFMbIc3LqN2ToNkZJvyYQ=="
    }
  }
}
